{
  "name": "03-ThirdParty-module",
  "lockfileVersion": 3,
  "requires": true,
  "packages": {
    "": {
      "dependencies": {
        "momment": "^0.0.1"
      }
    },
    "node_modules/momment": {
      "version": "0.0.1",
      "resolved": "https://registry.npmjs.org/momment/-/momment-0.0.1.tgz",
      "integrity": "sha512-AvXVohTAJGdvRX+audOcqcQLsezKf4hR+QJf4WY2+sHoW37sejk1hrr0qBffSkwgoSZAjkuQDOqC1FtKE7y8Kw==",
      "license": "ISC"
    }
  }
}
